
Microsoft Visual Studio Solution File, Format Version 12.00
# Visual Studio Version 17
VisualStudioVersion = 17.10.35027.167
MinimumVisualStudioVersion = 10.0.40219.1
Project("{FAE04EC0-301F-11D3-BF4B-00C04F79EFBC}") = "Exercicio05", "Exercicio05\Exercicio05.csproj", "{FD956A9B-906C-404B-9420-C960EA1B78D3}"
EndProject
Global
	GlobalSection(SolutionConfigurationPlatforms) = preSolution
		Debug|Any CPU = Debug|Any CPU
		Release|Any CPU = Release|Any CPU
	EndGlobalSection
	GlobalSection(ProjectConfigurationPlatforms) = postSolution
		{FD956A9B-906C-404B-9420-C960EA1B78D3}.Debug|Any CPU.ActiveCfg = Debug|Any CPU
		{FD956A9B-906C-404B-9420-C960EA1B78D3}.Debug|Any CPU.Build.0 = Debug|Any CPU
		{FD956A9B-906C-404B-9420-C960EA1B78D3}.Release|Any CPU.ActiveCfg = Release|Any CPU
		{FD956A9B-906C-404B-9420-C960EA1B78D3}.Release|Any CPU.Build.0 = Release|Any CPU
	EndGlobalSection
	GlobalSection(SolutionProperties) = preSolution
		HideSolutionNode = FALSE
	EndGlobalSection
	GlobalSection(ExtensibilityGlobals) = postSolution
		SolutionGuid = {4D5BC861-E181-48EB-A51F-B53DE8E290B2}
	EndGlobalSection
EndGlobal
