
Microsoft Visual Studio Solution File, Format Version 12.00
# Visual Studio Version 17
VisualStudioVersion = 17.10.35027.167
MinimumVisualStudioVersion = 10.0.40219.1
Project("{FAE04EC0-301F-11D3-BF4B-00C04F79EFBC}") = "Exercicio14", "Exercicio14\Exercicio14.csproj", "{AA977314-6034-47DE-935A-4D025A02F773}"
EndProject
Global
	GlobalSection(SolutionConfigurationPlatforms) = preSolution
		Debug|Any CPU = Debug|Any CPU
		Release|Any CPU = Release|Any CPU
	EndGlobalSection
	GlobalSection(ProjectConfigurationPlatforms) = postSolution
		{AA977314-6034-47DE-935A-4D025A02F773}.Debug|Any CPU.ActiveCfg = Debug|Any CPU
		{AA977314-6034-47DE-935A-4D025A02F773}.Debug|Any CPU.Build.0 = Debug|Any CPU
		{AA977314-6034-47DE-935A-4D025A02F773}.Release|Any CPU.ActiveCfg = Release|Any CPU
		{AA977314-6034-47DE-935A-4D025A02F773}.Release|Any CPU.Build.0 = Release|Any CPU
	EndGlobalSection
	GlobalSection(SolutionProperties) = preSolution
		HideSolutionNode = FALSE
	EndGlobalSection
	GlobalSection(ExtensibilityGlobals) = postSolution
		SolutionGuid = {6DAF166F-2587-4AF3-B554-27AD1B2F2E4C}
	EndGlobalSection
EndGlobal
