
Microsoft Visual Studio Solution File, Format Version 12.00
# Visual Studio Version 17
VisualStudioVersion = 17.10.35027.167
MinimumVisualStudioVersion = 10.0.40219.1
Project("{FAE04EC0-301F-11D3-BF4B-00C04F79EFBC}") = "Exercicio03", "Exercicio03\Exercicio03.csproj", "{7E59224F-0ACB-4963-BF24-3FC96B434ABF}"
EndProject
Global
	GlobalSection(SolutionConfigurationPlatforms) = preSolution
		Debug|Any CPU = Debug|Any CPU
		Release|Any CPU = Release|Any CPU
	EndGlobalSection
	GlobalSection(ProjectConfigurationPlatforms) = postSolution
		{7E59224F-0ACB-4963-BF24-3FC96B434ABF}.Debug|Any CPU.ActiveCfg = Debug|Any CPU
		{7E59224F-0ACB-4963-BF24-3FC96B434ABF}.Debug|Any CPU.Build.0 = Debug|Any CPU
		{7E59224F-0ACB-4963-BF24-3FC96B434ABF}.Release|Any CPU.ActiveCfg = Release|Any CPU
		{7E59224F-0ACB-4963-BF24-3FC96B434ABF}.Release|Any CPU.Build.0 = Release|Any CPU
	EndGlobalSection
	GlobalSection(SolutionProperties) = preSolution
		HideSolutionNode = FALSE
	EndGlobalSection
	GlobalSection(ExtensibilityGlobals) = postSolution
		SolutionGuid = {E05FBD21-0899-4615-BE19-265E511C9A92}
	EndGlobalSection
EndGlobal
