
Microsoft Visual Studio Solution File, Format Version 12.00
# Visual Studio Version 17
VisualStudioVersion = 17.10.35027.167
MinimumVisualStudioVersion = 10.0.40219.1
Project("{FAE04EC0-301F-11D3-BF4B-00C04F79EFBC}") = "Exercicio12", "Exercicio12\Exercicio12.csproj", "{31176F0F-E028-4DDD-99EB-5AC2E5F2E526}"
EndProject
Global
	GlobalSection(SolutionConfigurationPlatforms) = preSolution
		Debug|Any CPU = Debug|Any CPU
		Release|Any CPU = Release|Any CPU
	EndGlobalSection
	GlobalSection(ProjectConfigurationPlatforms) = postSolution
		{31176F0F-E028-4DDD-99EB-5AC2E5F2E526}.Debug|Any CPU.ActiveCfg = Debug|Any CPU
		{31176F0F-E028-4DDD-99EB-5AC2E5F2E526}.Debug|Any CPU.Build.0 = Debug|Any CPU
		{31176F0F-E028-4DDD-99EB-5AC2E5F2E526}.Release|Any CPU.ActiveCfg = Release|Any CPU
		{31176F0F-E028-4DDD-99EB-5AC2E5F2E526}.Release|Any CPU.Build.0 = Release|Any CPU
	EndGlobalSection
	GlobalSection(SolutionProperties) = preSolution
		HideSolutionNode = FALSE
	EndGlobalSection
	GlobalSection(ExtensibilityGlobals) = postSolution
		SolutionGuid = {FCC1E4EB-9813-4C7F-A152-F37956C52C52}
	EndGlobalSection
EndGlobal
