
Microsoft Visual Studio Solution File, Format Version 12.00
# Visual Studio Version 17
VisualStudioVersion = 17.10.35027.167
MinimumVisualStudioVersion = 10.0.40219.1
Project("{FAE04EC0-301F-11D3-BF4B-00C04F79EFBC}") = "Exercicio01", "Exercicio01\Exercicio01.csproj", "{002DE40E-E682-41C9-8E90-8A7F4FB438C3}"
EndProject
Global
	GlobalSection(SolutionConfigurationPlatforms) = preSolution
		Debug|Any CPU = Debug|Any CPU
		Release|Any CPU = Release|Any CPU
	EndGlobalSection
	GlobalSection(ProjectConfigurationPlatforms) = postSolution
		{002DE40E-E682-41C9-8E90-8A7F4FB438C3}.Debug|Any CPU.ActiveCfg = Debug|Any CPU
		{002DE40E-E682-41C9-8E90-8A7F4FB438C3}.Debug|Any CPU.Build.0 = Debug|Any CPU
		{002DE40E-E682-41C9-8E90-8A7F4FB438C3}.Release|Any CPU.ActiveCfg = Release|Any CPU
		{002DE40E-E682-41C9-8E90-8A7F4FB438C3}.Release|Any CPU.Build.0 = Release|Any CPU
	EndGlobalSection
	GlobalSection(SolutionProperties) = preSolution
		HideSolutionNode = FALSE
	EndGlobalSection
	GlobalSection(ExtensibilityGlobals) = postSolution
		SolutionGuid = {2F434A90-B0B8-4181-B399-A7B1ACF13A63}
	EndGlobalSection
EndGlobal
