
Microsoft Visual Studio Solution File, Format Version 12.00
# Visual Studio Version 17
VisualStudioVersion = 17.10.35027.167
MinimumVisualStudioVersion = 10.0.40219.1
Project("{FAE04EC0-301F-11D3-BF4B-00C04F79EFBC}") = "Exercicio11", "Exercicio11\Exercicio11.csproj", "{2B3BDB84-D36B-4F42-BB8E-92254B67FC00}"
EndProject
Global
	GlobalSection(SolutionConfigurationPlatforms) = preSolution
		Debug|Any CPU = Debug|Any CPU
		Release|Any CPU = Release|Any CPU
	EndGlobalSection
	GlobalSection(ProjectConfigurationPlatforms) = postSolution
		{2B3BDB84-D36B-4F42-BB8E-92254B67FC00}.Debug|Any CPU.ActiveCfg = Debug|Any CPU
		{2B3BDB84-D36B-4F42-BB8E-92254B67FC00}.Debug|Any CPU.Build.0 = Debug|Any CPU
		{2B3BDB84-D36B-4F42-BB8E-92254B67FC00}.Release|Any CPU.ActiveCfg = Release|Any CPU
		{2B3BDB84-D36B-4F42-BB8E-92254B67FC00}.Release|Any CPU.Build.0 = Release|Any CPU
	EndGlobalSection
	GlobalSection(SolutionProperties) = preSolution
		HideSolutionNode = FALSE
	EndGlobalSection
	GlobalSection(ExtensibilityGlobals) = postSolution
		SolutionGuid = {7C1EEB31-8396-4A4B-8C7D-25F333FD67C2}
	EndGlobalSection
EndGlobal
