
Microsoft Visual Studio Solution File, Format Version 12.00
# Visual Studio Version 17
VisualStudioVersion = 17.10.35027.167
MinimumVisualStudioVersion = 10.0.40219.1
Project("{FAE04EC0-301F-11D3-BF4B-00C04F79EFBC}") = "Exercicio13", "Exercicio13\Exercicio13.csproj", "{A6E4F59C-D450-43F6-AC6C-BD969BB33A12}"
EndProject
Global
	GlobalSection(SolutionConfigurationPlatforms) = preSolution
		Debug|Any CPU = Debug|Any CPU
		Release|Any CPU = Release|Any CPU
	EndGlobalSection
	GlobalSection(ProjectConfigurationPlatforms) = postSolution
		{A6E4F59C-D450-43F6-AC6C-BD969BB33A12}.Debug|Any CPU.ActiveCfg = Debug|Any CPU
		{A6E4F59C-D450-43F6-AC6C-BD969BB33A12}.Debug|Any CPU.Build.0 = Debug|Any CPU
		{A6E4F59C-D450-43F6-AC6C-BD969BB33A12}.Release|Any CPU.ActiveCfg = Release|Any CPU
		{A6E4F59C-D450-43F6-AC6C-BD969BB33A12}.Release|Any CPU.Build.0 = Release|Any CPU
	EndGlobalSection
	GlobalSection(SolutionProperties) = preSolution
		HideSolutionNode = FALSE
	EndGlobalSection
	GlobalSection(ExtensibilityGlobals) = postSolution
		SolutionGuid = {5E16AD82-FF80-409D-9D9F-04BEAE8B8F38}
	EndGlobalSection
EndGlobal
