
Microsoft Visual Studio Solution File, Format Version 12.00
# Visual Studio Version 17
VisualStudioVersion = 17.10.35027.167
MinimumVisualStudioVersion = 10.0.40219.1
Project("{FAE04EC0-301F-11D3-BF4B-00C04F79EFBC}") = "Exercicio16", "Exercicio16\Exercicio16.csproj", "{5B154D89-09AE-4328-8EDA-607EE243006A}"
EndProject
Global
	GlobalSection(SolutionConfigurationPlatforms) = preSolution
		Debug|Any CPU = Debug|Any CPU
		Release|Any CPU = Release|Any CPU
	EndGlobalSection
	GlobalSection(ProjectConfigurationPlatforms) = postSolution
		{5B154D89-09AE-4328-8EDA-607EE243006A}.Debug|Any CPU.ActiveCfg = Debug|Any CPU
		{5B154D89-09AE-4328-8EDA-607EE243006A}.Debug|Any CPU.Build.0 = Debug|Any CPU
		{5B154D89-09AE-4328-8EDA-607EE243006A}.Release|Any CPU.ActiveCfg = Release|Any CPU
		{5B154D89-09AE-4328-8EDA-607EE243006A}.Release|Any CPU.Build.0 = Release|Any CPU
	EndGlobalSection
	GlobalSection(SolutionProperties) = preSolution
		HideSolutionNode = FALSE
	EndGlobalSection
	GlobalSection(ExtensibilityGlobals) = postSolution
		SolutionGuid = {F00597DD-FA52-4F74-BE9C-E0C734F2BDD7}
	EndGlobalSection
EndGlobal
